{
  "name": "cobalt",
  "version": "1.0.0",
  "lockfileVersion": 1,
  "requires": true,
  "dependencies": {
    "JSONSelect": {
      "version": "0.4.0",
      "resolved": "https://registry.npmjs.org/JSONSelect/-/JSONSelect-0.4.0.tgz",
      "integrity": "sha1-oI7cxn6z/L6Z7WMIVTRKDPKCu40=",
      "dev": true
    },
    "JSV": {
      "version": "4.0.2",
      "resolved": "https://registry.npmjs.org/JSV/-/JSV-4.0.2.tgz",
      "integrity": "sha1-0Hf2glVx+CEy+d/67Vh7QCn+/1c=",
      "dev": true
    },
    "amdefine": {
      "version": "1.0.1",
      "resolved": "https://registry.npmjs.org/amdefine/-/amdefine-1.0.1.tgz",
      "integrity": "sha1-SlKCrBZHKek2Gbz9OtFR+BfOkfU=",
      "dev": true,
      "optional": true
    },
    "cjson": {
      "version": "0.3.0",
      "resolved": "https://registry.npmjs.org/cjson/-/cjson-0.3.0.tgz",
      "integrity": "sha1-5kObkHA9MS/24iJAl76pLOPQKhQ=",
      "dev": true,
      "requires": {
        "jsonlint": "1.6.0"
      }
    },
    "codemirror": {
      "version": "5.51.0",
      "resolved": "https://registry.npmjs.org/codemirror/-/codemirror-5.51.0.tgz",
      "integrity": "sha512-vyuYYRv3eXL0SCuZA4spRFlKNzQAewHcipRQCOKgRy7VNAvZxTKzbItdbCl4S5AgPZ5g3WkHp+ibWQwv9TLG7Q=="
    },
    "colors": {
      "version": "0.5.1",
      "resolved": "https://registry.npmjs.org/colors/-/colors-0.5.1.tgz",
      "integrity": "sha1-fQAj6usVTo7p/Oddy5I9DtFmd3Q=",
      "dev": true
    },
    "deep-is": {
      "version": "0.1.3",
      "resolved": "https://registry.npmjs.org/deep-is/-/deep-is-0.1.3.tgz",
      "integrity": "sha1-s2nW+128E+7PUk+RsHD+7cNXzzQ="
    },
    "ebnf-parser": {
      "version": "0.1.10",
      "resolved": "https://registry.npmjs.org/ebnf-parser/-/ebnf-parser-0.1.10.tgz",
      "integrity": "sha1-zR9rpHfFY4xAyX7ZtXLbW6tdgzE=",
      "dev": true
    },
    "escodegen": {
      "version": "1.14.1",
      "resolved": "https://registry.npmjs.org/escodegen/-/escodegen-1.14.1.tgz",
      "integrity": "sha512-Bmt7NcRySdIfNPfU2ZoXDrrXsG9ZjvDxcAlMfDUgRBjLOWTuIACXPBFJH7Z+cLb40JeQco5toikyc9t9P8E9SQ==",
      "requires": {
        "esprima": "^4.0.1",
        "estraverse": "^4.2.0",
        "esutils": "^2.0.2",
        "optionator": "^0.8.1",
        "source-map": "~0.6.1"
      },
      "dependencies": {
        "esprima": {
          "version": "4.0.1",
          "resolved": "https://registry.npmjs.org/esprima/-/esprima-4.0.1.tgz",
          "integrity": "sha512-eGuFFw7Upda+g4p+QHvnW0RyTX/SVeJBDM/gCtMARO0cLuT2HcEKnTPvhjV6aGeqrCB/sbNop0Kszm0jsaWU4A=="
        }
      }
    },
    "esprima": {
      "version": "1.1.1",
      "resolved": "https://registry.npmjs.org/esprima/-/esprima-1.1.1.tgz",
      "integrity": "sha1-W28VR/TRAuZw4UDFCb5ncdautUk=",
      "dev": true
    },
    "estraverse": {
      "version": "4.3.0",
      "resolved": "https://registry.npmjs.org/estraverse/-/estraverse-4.3.0.tgz",
      "integrity": "sha512-39nnKffWz8xN1BU/2c79n9nB9HDzo0niYUqx6xyqUnyoAnQyyWpOTdZEeiCch8BBu515t4wp9ZmgVfVhn9EBpw=="
    },
    "esutils": {
      "version": "2.0.3",
      "resolved": "https://registry.npmjs.org/esutils/-/esutils-2.0.3.tgz",
      "integrity": "sha512-kVscqXk4OCp68SZ0dkgEKVi6/8ij300KBWTJq32P/dYeWTSwK41WyTxalN1eRmA5Z9UU/LX9D7FWSmV9SAYx6g=="
    },
    "fast-levenshtein": {
      "version": "2.0.6",
      "resolved": "https://registry.npmjs.org/fast-levenshtein/-/fast-levenshtein-2.0.6.tgz",
      "integrity": "sha1-PYpcZog6FqMMqGQ+hR8Zuqd5eRc="
    },
    "jison": {
      "version": "0.4.18",
      "resolved": "https://registry.npmjs.org/jison/-/jison-0.4.18.tgz",
      "integrity": "sha512-FKkCiJvozgC7VTHhMJ00a0/IApSxhlGsFIshLW6trWJ8ONX2TQJBBz6DlcO1Gffy4w9LT+uL+PA+CVnUSJMF7w==",
      "dev": true,
      "requires": {
        "JSONSelect": "0.4.0",
        "cjson": "0.3.0",
        "ebnf-parser": "0.1.10",
        "escodegen": "1.3.x",
        "esprima": "1.1.x",
        "jison-lex": "0.3.x",
        "lex-parser": "~0.1.3",
        "nomnom": "1.5.2"
      },
      "dependencies": {
        "escodegen": {
          "version": "1.3.3",
          "resolved": "https://registry.npmjs.org/escodegen/-/escodegen-1.3.3.tgz",
          "integrity": "sha1-8CQBb1qI4Eb9EgBQVek5gC5sXyM=",
          "dev": true,
          "requires": {
            "esprima": "~1.1.1",
            "estraverse": "~1.5.0",
            "esutils": "~1.0.0",
            "source-map": "~0.1.33"
          }
        },
        "estraverse": {
          "version": "1.5.1",
          "resolved": "https://registry.npmjs.org/estraverse/-/estraverse-1.5.1.tgz",
          "integrity": "sha1-hno+jlip+EYYr7bC3bzZFrfLr3E=",
          "dev": true
        },
        "esutils": {
          "version": "1.0.0",
          "resolved": "https://registry.npmjs.org/esutils/-/esutils-1.0.0.tgz",
          "integrity": "sha1-gVHTWOIMisx/t0XnRywAJf5JZXA=",
          "dev": true
        },
        "source-map": {
          "version": "0.1.43",
          "resolved": "https://registry.npmjs.org/source-map/-/source-map-0.1.43.tgz",
          "integrity": "sha1-wkvBRspRfBRx9drL4lcbK3+eM0Y=",
          "dev": true,
          "optional": true,
          "requires": {
            "amdefine": ">=0.0.4"
          }
        }
      }
    },
    "jison-lex": {
      "version": "0.3.4",
      "resolved": "https://registry.npmjs.org/jison-lex/-/jison-lex-0.3.4.tgz",
      "integrity": "sha1-gcoo2E+ESZ36jFlNzePYo/Jux6U=",
      "dev": true,
      "requires": {
        "lex-parser": "0.1.x",
        "nomnom": "1.5.2"
      }
    },
    "jsonlint": {
      "version": "1.6.0",
      "resolved": "https://registry.npmjs.org/jsonlint/-/jsonlint-1.6.0.tgz",
      "integrity": "sha1-iKpGvCiaesk7tGyuLVihh6m7SUo=",
      "dev": true,
      "requires": {
        "JSV": ">= 4.0.x",
        "nomnom": ">= 1.5.x"
      }
    },
    "levn": {
      "version": "0.3.0",
      "resolved": "https://registry.npmjs.org/levn/-/levn-0.3.0.tgz",
      "integrity": "sha1-OwmSTt+fCDwEkP3UwLxEIeBHZO4=",
      "requires": {
        "prelude-ls": "~1.1.2",
        "type-check": "~0.3.2"
      }
    },
    "lex-parser": {
      "version": "0.1.4",
      "resolved": "https://registry.npmjs.org/lex-parser/-/lex-parser-0.1.4.tgz",
      "integrity": "sha1-ZMTwJfF/1Tv7RXY/rrFvAVp0dVA=",
      "dev": true
    },
    "nomnom": {
      "version": "1.5.2",
      "resolved": "https://registry.npmjs.org/nomnom/-/nomnom-1.5.2.tgz",
      "integrity": "sha1-9DRUSKhTz71cDSYyDyR3qwUm/i8=",
      "dev": true,
      "requires": {
        "colors": "0.5.x",
        "underscore": "1.1.x"
      }
    },
    "optionator": {
      "version": "0.8.3",
      "resolved": "https://registry.npmjs.org/optionator/-/optionator-0.8.3.tgz",
      "integrity": "sha512-+IW9pACdk3XWmmTXG8m3upGUJst5XRGzxMRjXzAuJ1XnIFNvfhjjIuYkDvysnPQ7qzqVzLt78BCruntqRhWQbA==",
      "requires": {
        "deep-is": "~0.1.3",
        "fast-levenshtein": "~2.0.6",
        "levn": "~0.3.0",
        "prelude-ls": "~1.1.2",
        "type-check": "~0.3.2",
        "word-wrap": "~1.2.3"
      }
    },
    "prelude-ls": {
      "version": "1.1.2",
      "resolved": "https://registry.npmjs.org/prelude-ls/-/prelude-ls-1.1.2.tgz",
      "integrity": "sha1-IZMqVJ9eUv/ZqCf1cOBL5iqX2lQ="
    },
    "source-map": {
      "version": "0.6.1",
      "resolved": "https://registry.npmjs.org/source-map/-/source-map-0.6.1.tgz",
      "integrity": "sha512-UjgapumWlbMhkBgzT7Ykc5YXUT46F0iKu8SGXq0bcwP5dz/h0Plj6enJqjz1Zbq2l5WaqYnrVbwWOWMyF3F47g==",
      "optional": true
    },
    "type-check": {
      "version": "0.3.2",
      "resolved": "https://registry.npmjs.org/type-check/-/type-check-0.3.2.tgz",
      "integrity": "sha1-WITKtRLPHTVeP7eE8wgEsrUg23I=",
      "requires": {
        "prelude-ls": "~1.1.2"
      }
    },
    "underscore": {
      "version": "1.1.7",
      "resolved": "https://registry.npmjs.org/underscore/-/underscore-1.1.7.tgz",
      "integrity": "sha1-QLq4S60Z0jAJbo1u9ii/8FXYPbA=",
      "dev": true
    },
    "word-wrap": {
      "version": "1.2.3",
      "resolved": "https://registry.npmjs.org/word-wrap/-/word-wrap-1.2.3.tgz",
      "integrity": "sha512-Hz/mrNwitNRh/HUAtM/VT/5VH+ygD6DV7mYKZAtHOrbs8U7lvPS6xf7EJKMF0uW1KJCl0H701g3ZGus+muE5vQ=="
    }
  }
}
